
Microsoft Visual Studio Solution File, Format Version 12.00
# Visual Studio 2013
VisualStudioVersion = 12.0.31101.0
MinimumVisualStudioVersion = 10.0.40219.1
Project("{FAE04EC0-301F-11D3-BF4B-00C04F79EFBC}") = "VisualStudioSummitDemo", "VisualStudioSummitDemo\VisualStudioSummitDemo.csproj", "{C4636EE3-DB38-4A6B-8177-5261D70AFE08}"
EndProject
Project("{FAE04EC0-301F-11D3-BF4B-00C04F79EFBC}") = "VisualStudioSummitDemo.Tests", "VisualStudioSummitDemo.Tests\VisualStudioSummitDemo.Tests.csproj", "{80AA6826-6585-4E0D-AEDC-0427AEE4C619}"
EndProject
Global
	GlobalSection(SolutionConfigurationPlatforms) = preSolution
		Debug|Any CPU = Debug|Any CPU
		DebugNet40|Any CPU = DebugNet40|Any CPU
		Release|Any CPU = Release|Any CPU
		ReleaseNet40|Any CPU = ReleaseNet40|Any CPU
	EndGlobalSection
	GlobalSection(ProjectConfigurationPlatforms) = postSolution
		{C4636EE3-DB38-4A6B-8177-5261D70AFE08}.Debug|Any CPU.ActiveCfg = Debug|Any CPU
		{C4636EE3-DB38-4A6B-8177-5261D70AFE08}.Debug|Any CPU.Build.0 = Debug|Any CPU
		{C4636EE3-DB38-4A6B-8177-5261D70AFE08}.DebugNet40|Any CPU.ActiveCfg = Debug|Any CPU
		{C4636EE3-DB38-4A6B-8177-5261D70AFE08}.DebugNet40|Any CPU.Build.0 = Debug|Any CPU
		{C4636EE3-DB38-4A6B-8177-5261D70AFE08}.Release|Any CPU.ActiveCfg = Release|Any CPU
		{C4636EE3-DB38-4A6B-8177-5261D70AFE08}.Release|Any CPU.Build.0 = Release|Any CPU
		{C4636EE3-DB38-4A6B-8177-5261D70AFE08}.ReleaseNet40|Any CPU.ActiveCfg = Release|Any CPU
		{C4636EE3-DB38-4A6B-8177-5261D70AFE08}.ReleaseNet40|Any CPU.Build.0 = Release|Any CPU
		{80AA6826-6585-4E0D-AEDC-0427AEE4C619}.Debug|Any CPU.ActiveCfg = Debug|Any CPU
		{80AA6826-6585-4E0D-AEDC-0427AEE4C619}.Debug|Any CPU.Build.0 = Debug|Any CPU
		{80AA6826-6585-4E0D-AEDC-0427AEE4C619}.DebugNet40|Any CPU.ActiveCfg = Debug|Any CPU
		{80AA6826-6585-4E0D-AEDC-0427AEE4C619}.DebugNet40|Any CPU.Build.0 = Debug|Any CPU
		{80AA6826-6585-4E0D-AEDC-0427AEE4C619}.Release|Any CPU.ActiveCfg = Release|Any CPU
		{80AA6826-6585-4E0D-AEDC-0427AEE4C619}.Release|Any CPU.Build.0 = Release|Any CPU
		{80AA6826-6585-4E0D-AEDC-0427AEE4C619}.ReleaseNet40|Any CPU.ActiveCfg = Release|Any CPU
		{80AA6826-6585-4E0D-AEDC-0427AEE4C619}.ReleaseNet40|Any CPU.Build.0 = Release|Any CPU
	EndGlobalSection
	GlobalSection(SolutionProperties) = preSolution
		HideSolutionNode = FALSE
	EndGlobalSection
EndGlobal
